
Microsoft Visual Studio Solution File, Format Version 12.00
# Visual Studio Version 16
VisualStudioVersion = 16.0.29709.97
MinimumVisualStudioVersion = 10.0.40219.1
Project("{2150E333-8FDC-42A3-9474-1A3956D46DE8}") = "Common", "Common", "{5C6EBE6E-0607-4777-B622-60BB7B757760}"
EndProject
Project("{2150E333-8FDC-42A3-9474-1A3956D46DE8}") = "App", "App", "{2DCA7A3B-085F-4F2F-8B9A-B2348609E978}"
EndProject
Project("{9A19103F-16F7-4668-BE54-9A1E7A4F7556}") = "Common.DataAccess.EFCore", "Common\Common.DataAccess.EFCore\Common.DataAccess.EFCore.csproj", "{F51A42D7-076A-4601-9114-B3FD59BD8505}"
EndProject
Project("{9A19103F-16F7-4668-BE54-9A1E7A4F7556}") = "Common.DTO", "Common\Common.DTO\Common.DTO.csproj", "{31FD2FAD-45C2-45A1-905D-3ECACF551CEC}"
EndProject
Project("{9A19103F-16F7-4668-BE54-9A1E7A4F7556}") = "Common.Entities", "Common\Common.Entities\Common.Entities.csproj", "{AC985AC2-CC89-4534-B112-9E8C195F4EAB}"
EndProject
Project("{9A19103F-16F7-4668-BE54-9A1E7A4F7556}") = "Common.IdentityManagementCore", "Common\Common.IdentityManagementCore\Common.IdentityManagementCore.csproj", "{87D80EB4-D2F7-4621-9937-B06F599E5D6D}"
EndProject
Project("{9A19103F-16F7-4668-BE54-9A1E7A4F7556}") = "Common.Services", "Common\Common.Services\Common.Services.csproj", "{08E2B7A4-F2FA-401C-9EEA-DA72E24E04D8}"
EndProject
Project("{9A19103F-16F7-4668-BE54-9A1E7A4F7556}") = "Common.Services.Infrastructure", "Common\Common.Services.Infrastructure\Common.Services.Infrastructure.csproj", "{B7647E72-3C9B-4881-B5B6-CEA0E0B30F68}"
EndProject
Project("{9A19103F-16F7-4668-BE54-9A1E7A4F7556}") = "Common.Utils", "Common\Common.Utils\Common.Utils.csproj", "{3261D08E-E105-4237-8507-BE26BFF1677E}"
EndProject
Project("{9A19103F-16F7-4668-BE54-9A1E7A4F7556}") = "Common.WebApiCore", "Common\Common.WebApiCore\Common.WebApiCore.csproj", "{CEE74A0E-72CA-44E2-8C6C-0C1E4CBC6190}"
EndProject
Project("{9A19103F-16F7-4668-BE54-9A1E7A4F7556}") = "QicFit.DataAccess.EFCore", "App\QicFit.DataAccess.EFCore\QicFit.DataAccess.EFCore.csproj", "{98BB478A-B948-4B29-97C8-5CF80142C13A}"
EndProject
Project("{9A19103F-16F7-4668-BE54-9A1E7A4F7556}") = "QicFit.DIContainerCore", "App\QicFit.DIContainerCore\QicFit.DIContainerCore.csproj", "{D0F026D6-6996-4B04-9601-6E8BD3C511A9}"
EndProject
Project("{9A19103F-16F7-4668-BE54-9A1E7A4F7556}") = "QicFit.Services", "App\QicFit.Services\QicFit.Services.csproj", "{71C48CFA-103C-4949-8C66-8E104AC97838}"
EndProject
Project("{9A19103F-16F7-4668-BE54-9A1E7A4F7556}") = "QicFit.Services.Infrastructure", "App\QicFit.Services.Infrastructure\QicFit.Services.Infrastructure.csproj", "{80E0FA7B-C348-4BF9-9EAF-2B821CF83301}"
EndProject
Project("{9A19103F-16F7-4668-BE54-9A1E7A4F7556}") = "QicFit.WebApiCore", "App\QicFit.WebApiCore\QicFit.WebApiCore.csproj", "{187A350E-7001-4313-95D7-23A2E6B28191}"
EndProject
Global
	GlobalSection(SolutionConfigurationPlatforms) = preSolution
		Debug|Any CPU = Debug|Any CPU
		Release|Any CPU = Release|Any CPU
	EndGlobalSection
	GlobalSection(ProjectConfigurationPlatforms) = postSolution
		{F51A42D7-076A-4601-9114-B3FD59BD8505}.Debug|Any CPU.ActiveCfg = Debug|Any CPU
		{F51A42D7-076A-4601-9114-B3FD59BD8505}.Debug|Any CPU.Build.0 = Debug|Any CPU
		{F51A42D7-076A-4601-9114-B3FD59BD8505}.Release|Any CPU.ActiveCfg = Release|Any CPU
		{F51A42D7-076A-4601-9114-B3FD59BD8505}.Release|Any CPU.Build.0 = Release|Any CPU
		{31FD2FAD-45C2-45A1-905D-3ECACF551CEC}.Debug|Any CPU.ActiveCfg = Debug|Any CPU
		{31FD2FAD-45C2-45A1-905D-3ECACF551CEC}.Debug|Any CPU.Build.0 = Debug|Any CPU
		{31FD2FAD-45C2-45A1-905D-3ECACF551CEC}.Release|Any CPU.ActiveCfg = Release|Any CPU
		{31FD2FAD-45C2-45A1-905D-3ECACF551CEC}.Release|Any CPU.Build.0 = Release|Any CPU
		{AC985AC2-CC89-4534-B112-9E8C195F4EAB}.Debug|Any CPU.ActiveCfg = Debug|Any CPU
		{AC985AC2-CC89-4534-B112-9E8C195F4EAB}.Debug|Any CPU.Build.0 = Debug|Any CPU
		{AC985AC2-CC89-4534-B112-9E8C195F4EAB}.Release|Any CPU.ActiveCfg = Release|Any CPU
		{AC985AC2-CC89-4534-B112-9E8C195F4EAB}.Release|Any CPU.Build.0 = Release|Any CPU
		{87D80EB4-D2F7-4621-9937-B06F599E5D6D}.Debug|Any CPU.ActiveCfg = Debug|Any CPU
		{87D80EB4-D2F7-4621-9937-B06F599E5D6D}.Debug|Any CPU.Build.0 = Debug|Any CPU
		{87D80EB4-D2F7-4621-9937-B06F599E5D6D}.Release|Any CPU.ActiveCfg = Release|Any CPU
		{87D80EB4-D2F7-4621-9937-B06F599E5D6D}.Release|Any CPU.Build.0 = Release|Any CPU
		{08E2B7A4-F2FA-401C-9EEA-DA72E24E04D8}.Debug|Any CPU.ActiveCfg = Debug|Any CPU
		{08E2B7A4-F2FA-401C-9EEA-DA72E24E04D8}.Debug|Any CPU.Build.0 = Debug|Any CPU
		{08E2B7A4-F2FA-401C-9EEA-DA72E24E04D8}.Release|Any CPU.ActiveCfg = Release|Any CPU
		{08E2B7A4-F2FA-401C-9EEA-DA72E24E04D8}.Release|Any CPU.Build.0 = Release|Any CPU
		{B7647E72-3C9B-4881-B5B6-CEA0E0B30F68}.Debug|Any CPU.ActiveCfg = Debug|Any CPU
		{B7647E72-3C9B-4881-B5B6-CEA0E0B30F68}.Debug|Any CPU.Build.0 = Debug|Any CPU
		{B7647E72-3C9B-4881-B5B6-CEA0E0B30F68}.Release|Any CPU.ActiveCfg = Release|Any CPU
		{B7647E72-3C9B-4881-B5B6-CEA0E0B30F68}.Release|Any CPU.Build.0 = Release|Any CPU
		{3261D08E-E105-4237-8507-BE26BFF1677E}.Debug|Any CPU.ActiveCfg = Debug|Any CPU
		{3261D08E-E105-4237-8507-BE26BFF1677E}.Debug|Any CPU.Build.0 = Debug|Any CPU
		{3261D08E-E105-4237-8507-BE26BFF1677E}.Release|Any CPU.ActiveCfg = Release|Any CPU
		{3261D08E-E105-4237-8507-BE26BFF1677E}.Release|Any CPU.Build.0 = Release|Any CPU
		{CEE74A0E-72CA-44E2-8C6C-0C1E4CBC6190}.Debug|Any CPU.ActiveCfg = Debug|Any CPU
		{CEE74A0E-72CA-44E2-8C6C-0C1E4CBC6190}.Debug|Any CPU.Build.0 = Debug|Any CPU
		{CEE74A0E-72CA-44E2-8C6C-0C1E4CBC6190}.Release|Any CPU.ActiveCfg = Release|Any CPU
		{CEE74A0E-72CA-44E2-8C6C-0C1E4CBC6190}.Release|Any CPU.Build.0 = Release|Any CPU
		{98BB478A-B948-4B29-97C8-5CF80142C13A}.Debug|Any CPU.ActiveCfg = Debug|Any CPU
		{98BB478A-B948-4B29-97C8-5CF80142C13A}.Debug|Any CPU.Build.0 = Debug|Any CPU
		{98BB478A-B948-4B29-97C8-5CF80142C13A}.Release|Any CPU.ActiveCfg = Release|Any CPU
		{98BB478A-B948-4B29-97C8-5CF80142C13A}.Release|Any CPU.Build.0 = Release|Any CPU
		{D0F026D6-6996-4B04-9601-6E8BD3C511A9}.Debug|Any CPU.ActiveCfg = Debug|Any CPU
		{D0F026D6-6996-4B04-9601-6E8BD3C511A9}.Debug|Any CPU.Build.0 = Debug|Any CPU
		{D0F026D6-6996-4B04-9601-6E8BD3C511A9}.Release|Any CPU.ActiveCfg = Release|Any CPU
		{D0F026D6-6996-4B04-9601-6E8BD3C511A9}.Release|Any CPU.Build.0 = Release|Any CPU
		{71C48CFA-103C-4949-8C66-8E104AC97838}.Debug|Any CPU.ActiveCfg = Debug|Any CPU
		{71C48CFA-103C-4949-8C66-8E104AC97838}.Debug|Any CPU.Build.0 = Debug|Any CPU
		{71C48CFA-103C-4949-8C66-8E104AC97838}.Release|Any CPU.ActiveCfg = Release|Any CPU
		{71C48CFA-103C-4949-8C66-8E104AC97838}.Release|Any CPU.Build.0 = Release|Any CPU
		{80E0FA7B-C348-4BF9-9EAF-2B821CF83301}.Debug|Any CPU.ActiveCfg = Debug|Any CPU
		{80E0FA7B-C348-4BF9-9EAF-2B821CF83301}.Debug|Any CPU.Build.0 = Debug|Any CPU
		{80E0FA7B-C348-4BF9-9EAF-2B821CF83301}.Release|Any CPU.ActiveCfg = Release|Any CPU
		{80E0FA7B-C348-4BF9-9EAF-2B821CF83301}.Release|Any CPU.Build.0 = Release|Any CPU
		{187A350E-7001-4313-95D7-23A2E6B28191}.Debug|Any CPU.ActiveCfg = Debug|Any CPU
		{187A350E-7001-4313-95D7-23A2E6B28191}.Debug|Any CPU.Build.0 = Debug|Any CPU
		{187A350E-7001-4313-95D7-23A2E6B28191}.Release|Any CPU.ActiveCfg = Release|Any CPU
		{187A350E-7001-4313-95D7-23A2E6B28191}.Release|Any CPU.Build.0 = Release|Any CPU
	EndGlobalSection
	GlobalSection(SolutionProperties) = preSolution
		HideSolutionNode = FALSE
	EndGlobalSection
	GlobalSection(NestedProjects) = preSolution
		{F51A42D7-076A-4601-9114-B3FD59BD8505} = {5C6EBE6E-0607-4777-B622-60BB7B757760}
		{31FD2FAD-45C2-45A1-905D-3ECACF551CEC} = {5C6EBE6E-0607-4777-B622-60BB7B757760}
		{AC985AC2-CC89-4534-B112-9E8C195F4EAB} = {5C6EBE6E-0607-4777-B622-60BB7B757760}
		{87D80EB4-D2F7-4621-9937-B06F599E5D6D} = {5C6EBE6E-0607-4777-B622-60BB7B757760}
		{08E2B7A4-F2FA-401C-9EEA-DA72E24E04D8} = {5C6EBE6E-0607-4777-B622-60BB7B757760}
		{B7647E72-3C9B-4881-B5B6-CEA0E0B30F68} = {5C6EBE6E-0607-4777-B622-60BB7B757760}
		{3261D08E-E105-4237-8507-BE26BFF1677E} = {5C6EBE6E-0607-4777-B622-60BB7B757760}
		{CEE74A0E-72CA-44E2-8C6C-0C1E4CBC6190} = {5C6EBE6E-0607-4777-B622-60BB7B757760}
		{98BB478A-B948-4B29-97C8-5CF80142C13A} = {2DCA7A3B-085F-4F2F-8B9A-B2348609E978}
		{D0F026D6-6996-4B04-9601-6E8BD3C511A9} = {2DCA7A3B-085F-4F2F-8B9A-B2348609E978}
		{71C48CFA-103C-4949-8C66-8E104AC97838} = {2DCA7A3B-085F-4F2F-8B9A-B2348609E978}
		{80E0FA7B-C348-4BF9-9EAF-2B821CF83301} = {2DCA7A3B-085F-4F2F-8B9A-B2348609E978}
		{187A350E-7001-4313-95D7-23A2E6B28191} = {2DCA7A3B-085F-4F2F-8B9A-B2348609E978}
	EndGlobalSection
	GlobalSection(ExtensibilityGlobals) = postSolution
		SolutionGuid = {A79CB159-95D0-4A8B-BADE-7BF5CDF9EB87}
	EndGlobalSection
EndGlobal
